
Microsoft Visual Studio Solution File, Format Version 12.00
Project("{FAE04EC0-301F-11D3-BF4B-00C04F79EFBC}") = "GrpcQueryServer", "GrpcQueryServer\GrpcQueryServer.csproj", "{F853B32D-F95C-4021-B768-C5019AE75E5D}"
EndProject
Project("{FAE04EC0-301F-11D3-BF4B-00C04F79EFBC}") = "Application", "Application\Application.csproj", "{B80E0ACD-4825-4562-8B72-B299ADA0442E}"
EndProject
Project("{2150E333-8FDC-42A3-9474-1A3956D46DE8}") = "Plugins", "Plugins", "{54AE2BAC-0663-480E-A589-06A5F2E7A44A}"
EndProject
Project("{FAE04EC0-301F-11D3-BF4B-00C04F79EFBC}") = "Database", "Database\Database.csproj", "{A485120A-4F2F-46D6-870D-6462A39DE727}"
EndProject
Project("{FAE04EC0-301F-11D3-BF4B-00C04F79EFBC}") = "InMemoryDatabase", "InMemoryDatabase\InMemoryDatabase.csproj", "{20664DFE-9A31-428E-A2C6-7E1648695AD2}"
EndProject
Project("{FAE04EC0-301F-11D3-BF4B-00C04F79EFBC}") = "GrpcQueryClient", "GrpcQueryClient\GrpcQueryClient.csproj", "{992750B5-40F2-4CC7-9C36-A89636A93BE7}"
EndProject
Project("{FAE04EC0-301F-11D3-BF4B-00C04F79EFBC}") = "RestFulQueryServer", "RestFulQueryServer\RestFulQueryServer.csproj", "{A16F3A48-84E3-4B3E-BF60-131ADF54CF6D}"
EndProject
Project("{FAE04EC0-301F-11D3-BF4B-00C04F79EFBC}") = "RestFulQueryClient", "RestFulQueryClient\RestFulQueryClient.csproj", "{2553939C-566E-4B9D-8D5A-4E7FF1EE4D2C}"
EndProject
Project("{FAE04EC0-301F-11D3-BF4B-00C04F79EFBC}") = "MessageBusQueryWorker", "MessageBusQueryWorker\MessageBusQueryWorker.csproj", "{95BA3151-0D95-442B-AB00-C7FA6994D944}"
EndProject
Project("{FAE04EC0-301F-11D3-BF4B-00C04F79EFBC}") = "MessagesContract", "MessagesContract\MessagesContract.csproj", "{4A763ECA-9E2B-4723-812A-EB39D05DEF58}"
EndProject
Project("{2150E333-8FDC-42A3-9474-1A3956D46DE8}") = "Grpc", "Grpc", "{DCC3CC66-D010-4CFB-BCDD-FB5C5D249873}"
EndProject
Project("{2150E333-8FDC-42A3-9474-1A3956D46DE8}") = "WebApi", "WebApi", "{6DA8BE1E-02D5-4620-B224-1D36A3615FE0}"
EndProject
Project("{2150E333-8FDC-42A3-9474-1A3956D46DE8}") = "Messaging", "Messaging", "{6EBBC29B-0903-4EFA-BBBB-3A1553555BD7}"
EndProject
Project("{FAE04EC0-301F-11D3-BF4B-00C04F79EFBC}") = "MessageBusGateway", "MessageBusGateway\MessageBusGateway.csproj", "{71945557-8608-4CC4-A717-94D89E5CDBA0}"
EndProject
Project("{FAE04EC0-301F-11D3-BF4B-00C04F79EFBC}") = "MessageBusQueryFunction", "MessageBusQueryFunction\MessageBusQueryFunction.csproj", "{F9697490-8E95-42F1-A7A8-07E6F602AE4D}"
EndProject
Project("{FAE04EC0-301F-11D3-BF4B-00C04F79EFBC}") = "RestFulContract", "RestFulContract\RestFulContract.csproj", "{A0B871BE-DE0B-44D3-B64E-651E46D4722A}"
EndProject
Project("{FAE04EC0-301F-11D3-BF4B-00C04F79EFBC}") = "RestFulQueryFunction", "RestFulQueryFunction\RestFulQueryFunction.csproj", "{7EF95B4F-7A85-4C53-9CE9-ADE08154C406}"
EndProject
Project("{FAE04EC0-301F-11D3-BF4B-00C04F79EFBC}") = "CosmosDatabase", "CosmosDatabase\CosmosDatabase.csproj", "{1C735417-AFA4-417A-970F-324AD5814F44}"
EndProject
Project("{FAE04EC0-301F-11D3-BF4B-00C04F79EFBC}") = "SeedCosmosDb", "SeedCosmosDb\SeedCosmosDb.csproj", "{FA805388-F60B-4C69-9EF2-179B34CE24BD}"
EndProject
Global
	GlobalSection(SolutionConfigurationPlatforms) = preSolution
		Debug|Any CPU = Debug|Any CPU
		Release|Any CPU = Release|Any CPU
	EndGlobalSection
	GlobalSection(ProjectConfigurationPlatforms) = postSolution
		{F853B32D-F95C-4021-B768-C5019AE75E5D}.Debug|Any CPU.ActiveCfg = Debug|Any CPU
		{F853B32D-F95C-4021-B768-C5019AE75E5D}.Debug|Any CPU.Build.0 = Debug|Any CPU
		{F853B32D-F95C-4021-B768-C5019AE75E5D}.Release|Any CPU.ActiveCfg = Release|Any CPU
		{F853B32D-F95C-4021-B768-C5019AE75E5D}.Release|Any CPU.Build.0 = Release|Any CPU
		{B80E0ACD-4825-4562-8B72-B299ADA0442E}.Debug|Any CPU.ActiveCfg = Debug|Any CPU
		{B80E0ACD-4825-4562-8B72-B299ADA0442E}.Debug|Any CPU.Build.0 = Debug|Any CPU
		{B80E0ACD-4825-4562-8B72-B299ADA0442E}.Release|Any CPU.ActiveCfg = Release|Any CPU
		{B80E0ACD-4825-4562-8B72-B299ADA0442E}.Release|Any CPU.Build.0 = Release|Any CPU
		{A485120A-4F2F-46D6-870D-6462A39DE727}.Debug|Any CPU.ActiveCfg = Debug|Any CPU
		{A485120A-4F2F-46D6-870D-6462A39DE727}.Debug|Any CPU.Build.0 = Debug|Any CPU
		{A485120A-4F2F-46D6-870D-6462A39DE727}.Release|Any CPU.ActiveCfg = Release|Any CPU
		{A485120A-4F2F-46D6-870D-6462A39DE727}.Release|Any CPU.Build.0 = Release|Any CPU
		{20664DFE-9A31-428E-A2C6-7E1648695AD2}.Debug|Any CPU.ActiveCfg = Debug|Any CPU
		{20664DFE-9A31-428E-A2C6-7E1648695AD2}.Debug|Any CPU.Build.0 = Debug|Any CPU
		{20664DFE-9A31-428E-A2C6-7E1648695AD2}.Release|Any CPU.ActiveCfg = Release|Any CPU
		{20664DFE-9A31-428E-A2C6-7E1648695AD2}.Release|Any CPU.Build.0 = Release|Any CPU
		{992750B5-40F2-4CC7-9C36-A89636A93BE7}.Debug|Any CPU.ActiveCfg = Debug|Any CPU
		{992750B5-40F2-4CC7-9C36-A89636A93BE7}.Debug|Any CPU.Build.0 = Debug|Any CPU
		{992750B5-40F2-4CC7-9C36-A89636A93BE7}.Release|Any CPU.ActiveCfg = Release|Any CPU
		{992750B5-40F2-4CC7-9C36-A89636A93BE7}.Release|Any CPU.Build.0 = Release|Any CPU
		{A16F3A48-84E3-4B3E-BF60-131ADF54CF6D}.Debug|Any CPU.ActiveCfg = Debug|Any CPU
		{A16F3A48-84E3-4B3E-BF60-131ADF54CF6D}.Debug|Any CPU.Build.0 = Debug|Any CPU
		{A16F3A48-84E3-4B3E-BF60-131ADF54CF6D}.Release|Any CPU.ActiveCfg = Release|Any CPU
		{A16F3A48-84E3-4B3E-BF60-131ADF54CF6D}.Release|Any CPU.Build.0 = Release|Any CPU
		{2553939C-566E-4B9D-8D5A-4E7FF1EE4D2C}.Debug|Any CPU.ActiveCfg = Debug|Any CPU
		{2553939C-566E-4B9D-8D5A-4E7FF1EE4D2C}.Debug|Any CPU.Build.0 = Debug|Any CPU
		{2553939C-566E-4B9D-8D5A-4E7FF1EE4D2C}.Release|Any CPU.ActiveCfg = Release|Any CPU
		{2553939C-566E-4B9D-8D5A-4E7FF1EE4D2C}.Release|Any CPU.Build.0 = Release|Any CPU
		{95BA3151-0D95-442B-AB00-C7FA6994D944}.Debug|Any CPU.ActiveCfg = Debug|Any CPU
		{95BA3151-0D95-442B-AB00-C7FA6994D944}.Debug|Any CPU.Build.0 = Debug|Any CPU
		{95BA3151-0D95-442B-AB00-C7FA6994D944}.Release|Any CPU.ActiveCfg = Release|Any CPU
		{95BA3151-0D95-442B-AB00-C7FA6994D944}.Release|Any CPU.Build.0 = Release|Any CPU
		{4A763ECA-9E2B-4723-812A-EB39D05DEF58}.Debug|Any CPU.ActiveCfg = Debug|Any CPU
		{4A763ECA-9E2B-4723-812A-EB39D05DEF58}.Debug|Any CPU.Build.0 = Debug|Any CPU
		{4A763ECA-9E2B-4723-812A-EB39D05DEF58}.Release|Any CPU.ActiveCfg = Release|Any CPU
		{4A763ECA-9E2B-4723-812A-EB39D05DEF58}.Release|Any CPU.Build.0 = Release|Any CPU
		{71945557-8608-4CC4-A717-94D89E5CDBA0}.Debug|Any CPU.ActiveCfg = Debug|Any CPU
		{71945557-8608-4CC4-A717-94D89E5CDBA0}.Debug|Any CPU.Build.0 = Debug|Any CPU
		{71945557-8608-4CC4-A717-94D89E5CDBA0}.Release|Any CPU.ActiveCfg = Release|Any CPU
		{71945557-8608-4CC4-A717-94D89E5CDBA0}.Release|Any CPU.Build.0 = Release|Any CPU
		{F9697490-8E95-42F1-A7A8-07E6F602AE4D}.Debug|Any CPU.ActiveCfg = Debug|Any CPU
		{F9697490-8E95-42F1-A7A8-07E6F602AE4D}.Debug|Any CPU.Build.0 = Debug|Any CPU
		{F9697490-8E95-42F1-A7A8-07E6F602AE4D}.Release|Any CPU.ActiveCfg = Release|Any CPU
		{F9697490-8E95-42F1-A7A8-07E6F602AE4D}.Release|Any CPU.Build.0 = Release|Any CPU
		{A0B871BE-DE0B-44D3-B64E-651E46D4722A}.Debug|Any CPU.ActiveCfg = Debug|Any CPU
		{A0B871BE-DE0B-44D3-B64E-651E46D4722A}.Debug|Any CPU.Build.0 = Debug|Any CPU
		{A0B871BE-DE0B-44D3-B64E-651E46D4722A}.Release|Any CPU.ActiveCfg = Release|Any CPU
		{A0B871BE-DE0B-44D3-B64E-651E46D4722A}.Release|Any CPU.Build.0 = Release|Any CPU
		{7EF95B4F-7A85-4C53-9CE9-ADE08154C406}.Debug|Any CPU.ActiveCfg = Debug|Any CPU
		{7EF95B4F-7A85-4C53-9CE9-ADE08154C406}.Debug|Any CPU.Build.0 = Debug|Any CPU
		{7EF95B4F-7A85-4C53-9CE9-ADE08154C406}.Release|Any CPU.ActiveCfg = Release|Any CPU
		{7EF95B4F-7A85-4C53-9CE9-ADE08154C406}.Release|Any CPU.Build.0 = Release|Any CPU
		{1C735417-AFA4-417A-970F-324AD5814F44}.Debug|Any CPU.ActiveCfg = Debug|Any CPU
		{1C735417-AFA4-417A-970F-324AD5814F44}.Debug|Any CPU.Build.0 = Debug|Any CPU
		{1C735417-AFA4-417A-970F-324AD5814F44}.Release|Any CPU.ActiveCfg = Release|Any CPU
		{1C735417-AFA4-417A-970F-324AD5814F44}.Release|Any CPU.Build.0 = Release|Any CPU
		{FA805388-F60B-4C69-9EF2-179B34CE24BD}.Debug|Any CPU.ActiveCfg = Debug|Any CPU
		{FA805388-F60B-4C69-9EF2-179B34CE24BD}.Debug|Any CPU.Build.0 = Debug|Any CPU
		{FA805388-F60B-4C69-9EF2-179B34CE24BD}.Release|Any CPU.ActiveCfg = Release|Any CPU
		{FA805388-F60B-4C69-9EF2-179B34CE24BD}.Release|Any CPU.Build.0 = Release|Any CPU
	EndGlobalSection
	GlobalSection(NestedProjects) = preSolution
		{A485120A-4F2F-46D6-870D-6462A39DE727} = {54AE2BAC-0663-480E-A589-06A5F2E7A44A}
		{20664DFE-9A31-428E-A2C6-7E1648695AD2} = {54AE2BAC-0663-480E-A589-06A5F2E7A44A}
		{992750B5-40F2-4CC7-9C36-A89636A93BE7} = {DCC3CC66-D010-4CFB-BCDD-FB5C5D249873}
		{F853B32D-F95C-4021-B768-C5019AE75E5D} = {DCC3CC66-D010-4CFB-BCDD-FB5C5D249873}
		{95BA3151-0D95-442B-AB00-C7FA6994D944} = {6EBBC29B-0903-4EFA-BBBB-3A1553555BD7}
		{4A763ECA-9E2B-4723-812A-EB39D05DEF58} = {6EBBC29B-0903-4EFA-BBBB-3A1553555BD7}
		{2553939C-566E-4B9D-8D5A-4E7FF1EE4D2C} = {6DA8BE1E-02D5-4620-B224-1D36A3615FE0}
		{A16F3A48-84E3-4B3E-BF60-131ADF54CF6D} = {6DA8BE1E-02D5-4620-B224-1D36A3615FE0}
		{71945557-8608-4CC4-A717-94D89E5CDBA0} = {6EBBC29B-0903-4EFA-BBBB-3A1553555BD7}
		{F9697490-8E95-42F1-A7A8-07E6F602AE4D} = {6EBBC29B-0903-4EFA-BBBB-3A1553555BD7}
		{A0B871BE-DE0B-44D3-B64E-651E46D4722A} = {6DA8BE1E-02D5-4620-B224-1D36A3615FE0}
		{7EF95B4F-7A85-4C53-9CE9-ADE08154C406} = {6DA8BE1E-02D5-4620-B224-1D36A3615FE0}
		{1C735417-AFA4-417A-970F-324AD5814F44} = {54AE2BAC-0663-480E-A589-06A5F2E7A44A}
		{FA805388-F60B-4C69-9EF2-179B34CE24BD} = {54AE2BAC-0663-480E-A589-06A5F2E7A44A}
	EndGlobalSection
EndGlobal
